
Microsoft Visual Studio Solution File, Format Version 12.00
# Visual Studio 15
VisualStudioVersion = 15.0.28307.421
MinimumVisualStudioVersion = 10.0.40219.1
Project("{9A19103F-16F7-4668-BE54-9A1E7A4F7556}") = "AddonUpdaterLogic", "AddonUpdaterLogic\AddonUpdaterLogic.csproj", "{6521F327-DEE5-45F7-811C-15E2788653A3}"
EndProject
Project("{9A19103F-16F7-4668-BE54-9A1E7A4F7556}") = "AddonUpdaterCli", "AddonUpdaterCli\AddonUpdaterCli.csproj", "{96C0C64A-0DC3-4D83-B372-E8189FE5A2D7}"
EndProject
Project("{9A19103F-16F7-4668-BE54-9A1E7A4F7556}") = "AddonUpdaterLogic.Tests", "AddonUpdaterLogic.Tests\AddonUpdaterLogic.Tests.csproj", "{A7FE351D-E1C1-4D71-B2A8-DADE5C2AE864}"
EndProject
Global
	GlobalSection(SolutionConfigurationPlatforms) = preSolution
		Debug|Any CPU = Debug|Any CPU
		Debug|ARM = Debug|ARM
		Debug|ARM64 = Debug|ARM64
		Debug|x64 = Debug|x64
		Debug|x86 = Debug|x86
		Release|Any CPU = Release|Any CPU
		Release|ARM = Release|ARM
		Release|ARM64 = Release|ARM64
		Release|x64 = Release|x64
		Release|x86 = Release|x86
	EndGlobalSection
	GlobalSection(ProjectConfigurationPlatforms) = postSolution
		{6521F327-DEE5-45F7-811C-15E2788653A3}.Debug|Any CPU.ActiveCfg = Debug|Any CPU
		{6521F327-DEE5-45F7-811C-15E2788653A3}.Debug|Any CPU.Build.0 = Debug|Any CPU
		{6521F327-DEE5-45F7-811C-15E2788653A3}.Debug|ARM.ActiveCfg = Debug|Any CPU
		{6521F327-DEE5-45F7-811C-15E2788653A3}.Debug|ARM.Build.0 = Debug|Any CPU
		{6521F327-DEE5-45F7-811C-15E2788653A3}.Debug|ARM64.ActiveCfg = Debug|Any CPU
		{6521F327-DEE5-45F7-811C-15E2788653A3}.Debug|ARM64.Build.0 = Debug|Any CPU
		{6521F327-DEE5-45F7-811C-15E2788653A3}.Debug|x64.ActiveCfg = Debug|Any CPU
		{6521F327-DEE5-45F7-811C-15E2788653A3}.Debug|x64.Build.0 = Debug|Any CPU
		{6521F327-DEE5-45F7-811C-15E2788653A3}.Debug|x86.ActiveCfg = Debug|Any CPU
		{6521F327-DEE5-45F7-811C-15E2788653A3}.Debug|x86.Build.0 = Debug|Any CPU
		{6521F327-DEE5-45F7-811C-15E2788653A3}.Release|Any CPU.ActiveCfg = Release|Any CPU
		{6521F327-DEE5-45F7-811C-15E2788653A3}.Release|Any CPU.Build.0 = Release|Any CPU
		{6521F327-DEE5-45F7-811C-15E2788653A3}.Release|ARM.ActiveCfg = Release|Any CPU
		{6521F327-DEE5-45F7-811C-15E2788653A3}.Release|ARM.Build.0 = Release|Any CPU
		{6521F327-DEE5-45F7-811C-15E2788653A3}.Release|ARM64.ActiveCfg = Release|Any CPU
		{6521F327-DEE5-45F7-811C-15E2788653A3}.Release|ARM64.Build.0 = Release|Any CPU
		{6521F327-DEE5-45F7-811C-15E2788653A3}.Release|x64.ActiveCfg = Release|Any CPU
		{6521F327-DEE5-45F7-811C-15E2788653A3}.Release|x64.Build.0 = Release|Any CPU
		{6521F327-DEE5-45F7-811C-15E2788653A3}.Release|x86.ActiveCfg = Release|Any CPU
		{6521F327-DEE5-45F7-811C-15E2788653A3}.Release|x86.Build.0 = Release|Any CPU
		{96C0C64A-0DC3-4D83-B372-E8189FE5A2D7}.Debug|Any CPU.ActiveCfg = Debug|Any CPU
		{96C0C64A-0DC3-4D83-B372-E8189FE5A2D7}.Debug|Any CPU.Build.0 = Debug|Any CPU
		{96C0C64A-0DC3-4D83-B372-E8189FE5A2D7}.Debug|ARM.ActiveCfg = Debug|Any CPU
		{96C0C64A-0DC3-4D83-B372-E8189FE5A2D7}.Debug|ARM.Build.0 = Debug|Any CPU
		{96C0C64A-0DC3-4D83-B372-E8189FE5A2D7}.Debug|ARM64.ActiveCfg = Debug|Any CPU
		{96C0C64A-0DC3-4D83-B372-E8189FE5A2D7}.Debug|ARM64.Build.0 = Debug|Any CPU
		{96C0C64A-0DC3-4D83-B372-E8189FE5A2D7}.Debug|x64.ActiveCfg = Debug|Any CPU
		{96C0C64A-0DC3-4D83-B372-E8189FE5A2D7}.Debug|x64.Build.0 = Debug|Any CPU
		{96C0C64A-0DC3-4D83-B372-E8189FE5A2D7}.Debug|x86.ActiveCfg = Debug|Any CPU
		{96C0C64A-0DC3-4D83-B372-E8189FE5A2D7}.Debug|x86.Build.0 = Debug|Any CPU
		{96C0C64A-0DC3-4D83-B372-E8189FE5A2D7}.Release|Any CPU.ActiveCfg = Release|Any CPU
		{96C0C64A-0DC3-4D83-B372-E8189FE5A2D7}.Release|Any CPU.Build.0 = Release|Any CPU
		{96C0C64A-0DC3-4D83-B372-E8189FE5A2D7}.Release|ARM.ActiveCfg = Release|Any CPU
		{96C0C64A-0DC3-4D83-B372-E8189FE5A2D7}.Release|ARM.Build.0 = Release|Any CPU
		{96C0C64A-0DC3-4D83-B372-E8189FE5A2D7}.Release|ARM64.ActiveCfg = Release|Any CPU
		{96C0C64A-0DC3-4D83-B372-E8189FE5A2D7}.Release|ARM64.Build.0 = Release|Any CPU
		{96C0C64A-0DC3-4D83-B372-E8189FE5A2D7}.Release|x64.ActiveCfg = Release|Any CPU
		{96C0C64A-0DC3-4D83-B372-E8189FE5A2D7}.Release|x64.Build.0 = Release|Any CPU
		{96C0C64A-0DC3-4D83-B372-E8189FE5A2D7}.Release|x86.ActiveCfg = Release|Any CPU
		{96C0C64A-0DC3-4D83-B372-E8189FE5A2D7}.Release|x86.Build.0 = Release|Any CPU
		{A7FE351D-E1C1-4D71-B2A8-DADE5C2AE864}.Debug|Any CPU.ActiveCfg = Debug|Any CPU
		{A7FE351D-E1C1-4D71-B2A8-DADE5C2AE864}.Debug|Any CPU.Build.0 = Debug|Any CPU
		{A7FE351D-E1C1-4D71-B2A8-DADE5C2AE864}.Debug|ARM.ActiveCfg = Debug|Any CPU
		{A7FE351D-E1C1-4D71-B2A8-DADE5C2AE864}.Debug|ARM.Build.0 = Debug|Any CPU
		{A7FE351D-E1C1-4D71-B2A8-DADE5C2AE864}.Debug|ARM64.ActiveCfg = Debug|Any CPU
		{A7FE351D-E1C1-4D71-B2A8-DADE5C2AE864}.Debug|ARM64.Build.0 = Debug|Any CPU
		{A7FE351D-E1C1-4D71-B2A8-DADE5C2AE864}.Debug|x64.ActiveCfg = Debug|Any CPU
		{A7FE351D-E1C1-4D71-B2A8-DADE5C2AE864}.Debug|x64.Build.0 = Debug|Any CPU
		{A7FE351D-E1C1-4D71-B2A8-DADE5C2AE864}.Debug|x86.ActiveCfg = Debug|Any CPU
		{A7FE351D-E1C1-4D71-B2A8-DADE5C2AE864}.Debug|x86.Build.0 = Debug|Any CPU
		{A7FE351D-E1C1-4D71-B2A8-DADE5C2AE864}.Release|Any CPU.ActiveCfg = Release|Any CPU
		{A7FE351D-E1C1-4D71-B2A8-DADE5C2AE864}.Release|Any CPU.Build.0 = Release|Any CPU
		{A7FE351D-E1C1-4D71-B2A8-DADE5C2AE864}.Release|ARM.ActiveCfg = Release|Any CPU
		{A7FE351D-E1C1-4D71-B2A8-DADE5C2AE864}.Release|ARM.Build.0 = Release|Any CPU
		{A7FE351D-E1C1-4D71-B2A8-DADE5C2AE864}.Release|ARM64.ActiveCfg = Release|Any CPU
		{A7FE351D-E1C1-4D71-B2A8-DADE5C2AE864}.Release|ARM64.Build.0 = Release|Any CPU
		{A7FE351D-E1C1-4D71-B2A8-DADE5C2AE864}.Release|x64.ActiveCfg = Release|Any CPU
		{A7FE351D-E1C1-4D71-B2A8-DADE5C2AE864}.Release|x64.Build.0 = Release|Any CPU
		{A7FE351D-E1C1-4D71-B2A8-DADE5C2AE864}.Release|x86.ActiveCfg = Release|Any CPU
		{A7FE351D-E1C1-4D71-B2A8-DADE5C2AE864}.Release|x86.Build.0 = Release|Any CPU
		{15476237-A23D-439B-B366-848613E16D8E}.Debug|Any CPU.ActiveCfg = Debug|Any CPU
		{15476237-A23D-439B-B366-848613E16D8E}.Debug|Any CPU.Build.0 = Debug|Any CPU
		{15476237-A23D-439B-B366-848613E16D8E}.Debug|ARM.ActiveCfg = Debug|Any CPU
		{15476237-A23D-439B-B366-848613E16D8E}.Debug|ARM.Build.0 = Debug|Any CPU
		{15476237-A23D-439B-B366-848613E16D8E}.Debug|ARM64.ActiveCfg = Debug|Any CPU
		{15476237-A23D-439B-B366-848613E16D8E}.Debug|ARM64.Build.0 = Debug|Any CPU
		{15476237-A23D-439B-B366-848613E16D8E}.Debug|x64.ActiveCfg = Debug|Any CPU
		{15476237-A23D-439B-B366-848613E16D8E}.Debug|x64.Build.0 = Debug|Any CPU
		{15476237-A23D-439B-B366-848613E16D8E}.Debug|x86.ActiveCfg = Debug|Any CPU
		{15476237-A23D-439B-B366-848613E16D8E}.Debug|x86.Build.0 = Debug|Any CPU
		{15476237-A23D-439B-B366-848613E16D8E}.Release|Any CPU.ActiveCfg = Release|Any CPU
		{15476237-A23D-439B-B366-848613E16D8E}.Release|Any CPU.Build.0 = Release|Any CPU
		{15476237-A23D-439B-B366-848613E16D8E}.Release|ARM.ActiveCfg = Release|Any CPU
		{15476237-A23D-439B-B366-848613E16D8E}.Release|ARM.Build.0 = Release|Any CPU
		{15476237-A23D-439B-B366-848613E16D8E}.Release|ARM64.ActiveCfg = Release|Any CPU
		{15476237-A23D-439B-B366-848613E16D8E}.Release|ARM64.Build.0 = Release|Any CPU
		{15476237-A23D-439B-B366-848613E16D8E}.Release|x64.ActiveCfg = Release|Any CPU
		{15476237-A23D-439B-B366-848613E16D8E}.Release|x64.Build.0 = Release|Any CPU
		{15476237-A23D-439B-B366-848613E16D8E}.Release|x86.ActiveCfg = Release|Any CPU
		{15476237-A23D-439B-B366-848613E16D8E}.Release|x86.Build.0 = Release|Any CPU
	EndGlobalSection
	GlobalSection(SolutionProperties) = preSolution
		HideSolutionNode = FALSE
	EndGlobalSection
	GlobalSection(ExtensibilityGlobals) = postSolution
		SolutionGuid = {88BE230F-D347-4B42-AFE5-1BBB4D0988DF}
	EndGlobalSection
EndGlobal
